
Microsoft Visual Studio Solution File, Format Version 12.00
# Visual Studio Version 17
VisualStudioVersion = 17.0.31410.414
MinimumVisualStudioVersion = 10.0.40219.1
Project("{FAE04EC0-301F-11D3-BF4B-00C04F79EFBC}") = "EstCommunication", "src\Framework\EstCommunication\EstCommunication.csproj", "{91C8E2E6-EB2F-4292-A0A6-42E6FF774EC3}"
EndProject
Project("{2150E333-8FDC-42A3-9474-1A3956D46DE8}") = "src", "src", "{6F82740F-C26F-4077-A67D-9FB044249312}"
EndProject
Project("{2150E333-8FDC-42A3-9474-1A3956D46DE8}") = "tools", "tools", "{A1E07E20-31C9-44EE-B990-F47BC2C83E02}"
EndProject
Project("{2150E333-8FDC-42A3-9474-1A3956D46DE8}") = "core", "core", "{B2A31558-612A-46D4-8F6F-F4EEA95613C6}"
EndProject
Project("{2150E333-8FDC-42A3-9474-1A3956D46DE8}") = "RemoteFileManager", "RemoteFileManager", "{76BB6F34-2ADE-42CE-862D-36CA3DDD3740}"
EndProject
Project("{FAE04EC0-301F-11D3-BF4B-00C04F79EFBC}") = "RemoteFileManagerServer", "tools\RemoteFileManager\RemoteFileManagerServer\RemoteFileManagerServer.csproj", "{45EBBED8-C3BF-4650-903A-747D1D33B288}"
EndProject
Project("{FAE04EC0-301F-11D3-BF4B-00C04F79EFBC}") = "RemoteFilePusher", "tools\RemoteFileManager\RemoteFilePusher\RemoteFilePusher.csproj", "{CE2A6FA2-C883-46A2-A36E-4B0E0431A109}"
EndProject
Project("{FAE04EC0-301F-11D3-BF4B-00C04F79EFBC}") = "RemoteFileUpdate", "tools\RemoteFileManager\RemoteFileUpdate\RemoteFileUpdate.csproj", "{CB49AD12-5400-436A-9D02-2278C0512F8A}"
EndProject
Project("{FAE04EC0-301F-11D3-BF4B-00C04F79EFBC}") = "RemoteFileUpdateClient", "tools\RemoteFileManager\RemoteFileUpdateClient\RemoteFileUpdateClient.csproj", "{B904D7A4-6131-493B-AB9B-5820DC3A630A}"
EndProject
Project("{9A19103F-16F7-4668-BE54-9A1E7A4F7556}") = "RemoteFileManagerServer-Topshelf", "tools\RemoteFileManager\RemoteFileManagerServer-Topshelf\RemoteFileManagerServer-Topshelf.csproj", "{034932BB-C584-406D-95F4-33EED4FA790B}"
EndProject
Project("{2150E333-8FDC-42A3-9474-1A3956D46DE8}") = "controls", "controls", "{D11045A5-69E7-472E-A930-14A7EF12B607}"
EndProject
Project("{2150E333-8FDC-42A3-9474-1A3956D46DE8}") = "svg-viewser", "svg-viewser", "{47250B4C-B18F-4089-8D14-8417A9494605}"
EndProject
Project("{9A19103F-16F7-4668-BE54-9A1E7A4F7556}") = "ESTControl.SvgViewer", "src\controls\svg-viewer\ESTControl.SvgViewer\ESTControl.SvgViewer.csproj", "{05982EF7-C02C-44A4-8B0A-6223C5AC873B}"
EndProject
Project("{9A19103F-16F7-4668-BE54-9A1E7A4F7556}") = "ESTControl.SvgViewerDemo", "src\controls\svg-viewer\ESTControl.SvgViewerDemo\ESTControl.SvgViewerDemo.csproj", "{20E2CF2B-69CF-46DD-8BF4-3E94BD17F505}"
EndProject
Project("{9A19103F-16F7-4668-BE54-9A1E7A4F7556}") = "ESTCore.ORM.FreeSql", "src\core\ESTCore.ORM.FreeSql\ESTCore.ORM.FreeSql.csproj", "{A960A37B-FFE8-47C0-8D78-E95C49CEAFEA}"
EndProject
Project("{9A19103F-16F7-4668-BE54-9A1E7A4F7556}") = "ESTCore.Domain", "src\core\ESTCore.Domain\ESTCore.Domain.csproj", "{BB2C846B-1CC0-4243-B6A1-362F7E551A3A}"
EndProject
Project("{9A19103F-16F7-4668-BE54-9A1E7A4F7556}") = "ESTCore.ORM.EFCore", "src\core\ESTCore.ORM.EFCore\ESTCore.ORM.EFCore.csproj", "{4C54568A-CD36-4964-9304-0639D427B9CD}"
EndProject
Project("{9A19103F-16F7-4668-BE54-9A1E7A4F7556}") = "ESRCore.Platform", "src\core\ESRCore.Platform\ESRCore.Platform.csproj", "{BFB3D480-DC1E-4EDE-BAA9-B89EDBE5E802}"
EndProject
Project("{9A19103F-16F7-4668-BE54-9A1E7A4F7556}") = "ESTCore.DB.Mongodb", "src\core\ESTCore.DB.Mongodb\ESTCore.DB.Mongodb.csproj", "{4558FA52-2630-4880-9275-1B12A0C6EC7F}"
EndProject
Project("{9A19103F-16F7-4668-BE54-9A1E7A4F7556}") = "ESTCore.DB.Influxdb", "src\core\ESTCore.DB.Influxdb\ESTCore.DB.Influxdb.csproj", "{2F7C9BAC-28E0-4643-9DC0-409C984408D1}"
EndProject
Project("{9A19103F-16F7-4668-BE54-9A1E7A4F7556}") = "ESTCore.Main", "src\core\ESTCore.Main\ESTCore.Main.csproj", "{B9341DEA-5BB8-42C1-82A9-5C3523E69F5F}"
EndProject
Project("{9A19103F-16F7-4668-BE54-9A1E7A4F7556}") = "ESTCore.System", "src\core\ESTCore.System\ESTCore.System.csproj", "{EC71501D-16ED-4511-9E02-89DC55D765D1}"
EndProject
Project("{9A19103F-16F7-4668-BE54-9A1E7A4F7556}") = "ESTCore.Test.Console", "src\core\ESTCore.Test.Console\ESTCore.Test.Console.csproj", "{7150BCD7-16EA-4FBE-B3BE-50C5F215BE92}"
EndProject
Project("{9A19103F-16F7-4668-BE54-9A1E7A4F7556}") = "ESTCore.Core", "ESTCore.Core\ESTCore.Core.csproj", "{AAF46B6B-D8A3-4D3D-9B97-B40394F53C30}"
EndProject
Project("{2150E333-8FDC-42A3-9474-1A3956D46DE8}") = "test", "test", "{3CA88DFA-F743-4E57-ABEB-906CD11ACEBB}"
EndProject
Project("{9A19103F-16F7-4668-BE54-9A1E7A4F7556}") = "EstOrleans.Client", "EstOrleans.Client\EstOrleans.Client.csproj", "{7FB85538-9644-4352-B77A-E538BC79A1C0}"
EndProject
Project("{9A19103F-16F7-4668-BE54-9A1E7A4F7556}") = "EstOrleans.IGrain", "EstOrleans.IGrain\EstOrleans.IGrain.csproj", "{6F27906D-9853-414D-86CE-2DE8ADEBD488}"
EndProject
Project("{9A19103F-16F7-4668-BE54-9A1E7A4F7556}") = "EstOrleans.Grain", "EstOrleans.Grain\EstOrleans.Grain.csproj", "{DBB7FDC0-B064-4FC6-9462-17DAEC982DDD}"
EndProject
Project("{9A19103F-16F7-4668-BE54-9A1E7A4F7556}") = "ESTCore.MassTransit", "src\core\ESTCore.MassTransit\ESTCore.MassTransit.csproj", "{9A19ECED-DB4A-4C5A-8D92-A5EE15C42794}"
EndProject
Project("{9A19103F-16F7-4668-BE54-9A1E7A4F7556}") = "MassTransitTest1", "MassTransitTest1\MassTransitTest1.csproj", "{CDC25F42-9081-4EE4-B935-4B79C4BD2591}"
EndProject
Project("{9A19103F-16F7-4668-BE54-9A1E7A4F7556}") = "EstMTramsit.Contracts", "EstMTramsit.Contracts\EstMTramsit.Contracts.csproj", "{8E35187F-A78F-4110-9727-8C00E8694E32}"
EndProject
Project("{9A19103F-16F7-4668-BE54-9A1E7A4F7556}") = "MassTransitTest2", "MassTransitTest2\MassTransitTest2.csproj", "{08CDE9FD-302C-434B-AD50-7FDA34D81776}"
EndProject
Project("{9A19103F-16F7-4668-BE54-9A1E7A4F7556}") = "MassTransitTest3", "MassTransitTest3\MassTransitTest3.csproj", "{B1D75BD0-FC08-4C08-A3C5-08346A52DB30}"
EndProject
Project("{9A19103F-16F7-4668-BE54-9A1E7A4F7556}") = "ESTCore.EasyNetQ", "src\core\ESTCore.EasyNetQ\ESTCore.EasyNetQ.csproj", "{EF674CAC-9AE9-4D72-A888-62C0C2A38E35}"
EndProject
Project("{9A19103F-16F7-4668-BE54-9A1E7A4F7556}") = "ESTCore.Caching", "src\core\ESTCore.Caching\ESTCore.Caching.csproj", "{B887BBA0-4264-4405-8DC6-25325D81A2F2}"
EndProject
Project("{9A19103F-16F7-4668-BE54-9A1E7A4F7556}") = "CachingTest", "src\test\CachingTest\CachingTest.csproj", "{134AE89F-5A0A-4F99-B6C7-3B5959D12761}"
EndProject
Project("{9A19103F-16F7-4668-BE54-9A1E7A4F7556}") = "ESTCore.Message", "src\core\ESTCore.Message\ESTCore.Message.csproj", "{BC351FFC-D1B5-40EF-91C7-12A806895C09}"
EndProject
Project("{9A19103F-16F7-4668-BE54-9A1E7A4F7556}") = "ConsoleApp1", "ConsoleApp1\ConsoleApp1.csproj", "{48B86D08-E2D9-4081-B701-67F45F91B1C4}"
EndProject
Project("{9A19103F-16F7-4668-BE54-9A1E7A4F7556}") = "ConsoleApp2", "ConsoleApp2\ConsoleApp2.csproj", "{E2B1D557-4425-4EE1-A0FB-B7D355D74712}"
EndProject
Project("{9A19103F-16F7-4668-BE54-9A1E7A4F7556}") = "ESTCore.EasyModbus", "src\core\ESTCore.EasyModbus\ESTCore.EasyModbus.csproj", "{166A1B09-4AC4-454F-812C-E7B6EAE7CA0C}"
EndProject
Project("{FAE04EC0-301F-11D3-BF4B-00C04F79EFBC}") = "ZYServiceTool", "tools\ServiceManager\ZYServiceTool.csproj", "{0FC9EEB1-6A11-4802-B10D-F4239CFBB586}"
EndProject
Global
	GlobalSection(SolutionConfigurationPlatforms) = preSolution
		Debug|Any CPU = Debug|Any CPU
		Debug|x64 = Debug|x64
		Debug|x86 = Debug|x86
		Release|Any CPU = Release|Any CPU
		Release|x64 = Release|x64
		Release|x86 = Release|x86
	EndGlobalSection
	GlobalSection(ProjectConfigurationPlatforms) = postSolution
		{91C8E2E6-EB2F-4292-A0A6-42E6FF774EC3}.Debug|Any CPU.ActiveCfg = Debug|Any CPU
		{91C8E2E6-EB2F-4292-A0A6-42E6FF774EC3}.Debug|Any CPU.Build.0 = Debug|Any CPU
		{91C8E2E6-EB2F-4292-A0A6-42E6FF774EC3}.Debug|x64.ActiveCfg = Debug|Any CPU
		{91C8E2E6-EB2F-4292-A0A6-42E6FF774EC3}.Debug|x64.Build.0 = Debug|Any CPU
		{91C8E2E6-EB2F-4292-A0A6-42E6FF774EC3}.Debug|x86.ActiveCfg = Debug|Any CPU
		{91C8E2E6-EB2F-4292-A0A6-42E6FF774EC3}.Debug|x86.Build.0 = Debug|Any CPU
		{91C8E2E6-EB2F-4292-A0A6-42E6FF774EC3}.Release|Any CPU.ActiveCfg = Release|Any CPU
		{91C8E2E6-EB2F-4292-A0A6-42E6FF774EC3}.Release|Any CPU.Build.0 = Release|Any CPU
		{91C8E2E6-EB2F-4292-A0A6-42E6FF774EC3}.Release|x64.ActiveCfg = Release|Any CPU
		{91C8E2E6-EB2F-4292-A0A6-42E6FF774EC3}.Release|x64.Build.0 = Release|Any CPU
		{91C8E2E6-EB2F-4292-A0A6-42E6FF774EC3}.Release|x86.ActiveCfg = Release|Any CPU
		{91C8E2E6-EB2F-4292-A0A6-42E6FF774EC3}.Release|x86.Build.0 = Release|Any CPU
		{45EBBED8-C3BF-4650-903A-747D1D33B288}.Debug|Any CPU.ActiveCfg = Debug|Any CPU
		{45EBBED8-C3BF-4650-903A-747D1D33B288}.Debug|Any CPU.Build.0 = Debug|Any CPU
		{45EBBED8-C3BF-4650-903A-747D1D33B288}.Debug|x64.ActiveCfg = Debug|Any CPU
		{45EBBED8-C3BF-4650-903A-747D1D33B288}.Debug|x64.Build.0 = Debug|Any CPU
		{45EBBED8-C3BF-4650-903A-747D1D33B288}.Debug|x86.ActiveCfg = Debug|Any CPU
		{45EBBED8-C3BF-4650-903A-747D1D33B288}.Debug|x86.Build.0 = Debug|Any CPU
		{45EBBED8-C3BF-4650-903A-747D1D33B288}.Release|Any CPU.ActiveCfg = Release|Any CPU
		{45EBBED8-C3BF-4650-903A-747D1D33B288}.Release|Any CPU.Build.0 = Release|Any CPU
		{45EBBED8-C3BF-4650-903A-747D1D33B288}.Release|x64.ActiveCfg = Release|Any CPU
		{45EBBED8-C3BF-4650-903A-747D1D33B288}.Release|x64.Build.0 = Release|Any CPU
		{45EBBED8-C3BF-4650-903A-747D1D33B288}.Release|x86.ActiveCfg = Release|Any CPU
		{45EBBED8-C3BF-4650-903A-747D1D33B288}.Release|x86.Build.0 = Release|Any CPU
		{CE2A6FA2-C883-46A2-A36E-4B0E0431A109}.Debug|Any CPU.ActiveCfg = Debug|Any CPU
		{CE2A6FA2-C883-46A2-A36E-4B0E0431A109}.Debug|Any CPU.Build.0 = Debug|Any CPU
		{CE2A6FA2-C883-46A2-A36E-4B0E0431A109}.Debug|x64.ActiveCfg = Debug|Any CPU
		{CE2A6FA2-C883-46A2-A36E-4B0E0431A109}.Debug|x64.Build.0 = Debug|Any CPU
		{CE2A6FA2-C883-46A2-A36E-4B0E0431A109}.Debug|x86.ActiveCfg = Debug|Any CPU
		{CE2A6FA2-C883-46A2-A36E-4B0E0431A109}.Debug|x86.Build.0 = Debug|Any CPU
		{CE2A6FA2-C883-46A2-A36E-4B0E0431A109}.Release|Any CPU.ActiveCfg = Release|Any CPU
		{CE2A6FA2-C883-46A2-A36E-4B0E0431A109}.Release|Any CPU.Build.0 = Release|Any CPU
		{CE2A6FA2-C883-46A2-A36E-4B0E0431A109}.Release|x64.ActiveCfg = Release|Any CPU
		{CE2A6FA2-C883-46A2-A36E-4B0E0431A109}.Release|x64.Build.0 = Release|Any CPU
		{CE2A6FA2-C883-46A2-A36E-4B0E0431A109}.Release|x86.ActiveCfg = Release|Any CPU
		{CE2A6FA2-C883-46A2-A36E-4B0E0431A109}.Release|x86.Build.0 = Release|Any CPU
		{CB49AD12-5400-436A-9D02-2278C0512F8A}.Debug|Any CPU.ActiveCfg = Debug|Any CPU
		{CB49AD12-5400-436A-9D02-2278C0512F8A}.Debug|Any CPU.Build.0 = Debug|Any CPU
		{CB49AD12-5400-436A-9D02-2278C0512F8A}.Debug|x64.ActiveCfg = Debug|Any CPU
		{CB49AD12-5400-436A-9D02-2278C0512F8A}.Debug|x64.Build.0 = Debug|Any CPU
		{CB49AD12-5400-436A-9D02-2278C0512F8A}.Debug|x86.ActiveCfg = Debug|Any CPU
		{CB49AD12-5400-436A-9D02-2278C0512F8A}.Debug|x86.Build.0 = Debug|Any CPU
		{CB49AD12-5400-436A-9D02-2278C0512F8A}.Release|Any CPU.ActiveCfg = Release|Any CPU
		{CB49AD12-5400-436A-9D02-2278C0512F8A}.Release|Any CPU.Build.0 = Release|Any CPU
		{CB49AD12-5400-436A-9D02-2278C0512F8A}.Release|x64.ActiveCfg = Release|Any CPU
		{CB49AD12-5400-436A-9D02-2278C0512F8A}.Release|x64.Build.0 = Release|Any CPU
		{CB49AD12-5400-436A-9D02-2278C0512F8A}.Release|x86.ActiveCfg = Release|Any CPU
		{CB49AD12-5400-436A-9D02-2278C0512F8A}.Release|x86.Build.0 = Release|Any CPU
		{B904D7A4-6131-493B-AB9B-5820DC3A630A}.Debug|Any CPU.ActiveCfg = Debug|Any CPU
		{B904D7A4-6131-493B-AB9B-5820DC3A630A}.Debug|Any CPU.Build.0 = Debug|Any CPU
		{B904D7A4-6131-493B-AB9B-5820DC3A630A}.Debug|x64.ActiveCfg = Debug|Any CPU
		{B904D7A4-6131-493B-AB9B-5820DC3A630A}.Debug|x64.Build.0 = Debug|Any CPU
		{B904D7A4-6131-493B-AB9B-5820DC3A630A}.Debug|x86.ActiveCfg = Debug|Any CPU
		{B904D7A4-6131-493B-AB9B-5820DC3A630A}.Debug|x86.Build.0 = Debug|Any CPU
		{B904D7A4-6131-493B-AB9B-5820DC3A630A}.Release|Any CPU.ActiveCfg = Release|Any CPU
		{B904D7A4-6131-493B-AB9B-5820DC3A630A}.Release|Any CPU.Build.0 = Release|Any CPU
		{B904D7A4-6131-493B-AB9B-5820DC3A630A}.Release|x64.ActiveCfg = Release|Any CPU
		{B904D7A4-6131-493B-AB9B-5820DC3A630A}.Release|x64.Build.0 = Release|Any CPU
		{B904D7A4-6131-493B-AB9B-5820DC3A630A}.Release|x86.ActiveCfg = Release|Any CPU
		{B904D7A4-6131-493B-AB9B-5820DC3A630A}.Release|x86.Build.0 = Release|Any CPU
		{034932BB-C584-406D-95F4-33EED4FA790B}.Debug|Any CPU.ActiveCfg = Debug|Any CPU
		{034932BB-C584-406D-95F4-33EED4FA790B}.Debug|Any CPU.Build.0 = Debug|Any CPU
		{034932BB-C584-406D-95F4-33EED4FA790B}.Debug|x64.ActiveCfg = Debug|Any CPU
		{034932BB-C584-406D-95F4-33EED4FA790B}.Debug|x64.Build.0 = Debug|Any CPU
		{034932BB-C584-406D-95F4-33EED4FA790B}.Debug|x86.ActiveCfg = Debug|Any CPU
		{034932BB-C584-406D-95F4-33EED4FA790B}.Debug|x86.Build.0 = Debug|Any CPU
		{034932BB-C584-406D-95F4-33EED4FA790B}.Release|Any CPU.ActiveCfg = Release|Any CPU
		{034932BB-C584-406D-95F4-33EED4FA790B}.Release|Any CPU.Build.0 = Release|Any CPU
		{034932BB-C584-406D-95F4-33EED4FA790B}.Release|x64.ActiveCfg = Release|Any CPU
		{034932BB-C584-406D-95F4-33EED4FA790B}.Release|x64.Build.0 = Release|Any CPU
		{034932BB-C584-406D-95F4-33EED4FA790B}.Release|x86.ActiveCfg = Release|Any CPU
		{034932BB-C584-406D-95F4-33EED4FA790B}.Release|x86.Build.0 = Release|Any CPU
		{05982EF7-C02C-44A4-8B0A-6223C5AC873B}.Debug|Any CPU.ActiveCfg = Debug|Any CPU
		{05982EF7-C02C-44A4-8B0A-6223C5AC873B}.Debug|Any CPU.Build.0 = Debug|Any CPU
		{05982EF7-C02C-44A4-8B0A-6223C5AC873B}.Debug|x64.ActiveCfg = Debug|Any CPU
		{05982EF7-C02C-44A4-8B0A-6223C5AC873B}.Debug|x64.Build.0 = Debug|Any CPU
		{05982EF7-C02C-44A4-8B0A-6223C5AC873B}.Debug|x86.ActiveCfg = Debug|Any CPU
		{05982EF7-C02C-44A4-8B0A-6223C5AC873B}.Debug|x86.Build.0 = Debug|Any CPU
		{05982EF7-C02C-44A4-8B0A-6223C5AC873B}.Release|Any CPU.ActiveCfg = Release|Any CPU
		{05982EF7-C02C-44A4-8B0A-6223C5AC873B}.Release|Any CPU.Build.0 = Release|Any CPU
		{05982EF7-C02C-44A4-8B0A-6223C5AC873B}.Release|x64.ActiveCfg = Release|Any CPU
		{05982EF7-C02C-44A4-8B0A-6223C5AC873B}.Release|x64.Build.0 = Release|Any CPU
		{05982EF7-C02C-44A4-8B0A-6223C5AC873B}.Release|x86.ActiveCfg = Release|Any CPU
		{05982EF7-C02C-44A4-8B0A-6223C5AC873B}.Release|x86.Build.0 = Release|Any CPU
		{20E2CF2B-69CF-46DD-8BF4-3E94BD17F505}.Debug|Any CPU.ActiveCfg = Debug|Any CPU
		{20E2CF2B-69CF-46DD-8BF4-3E94BD17F505}.Debug|Any CPU.Build.0 = Debug|Any CPU
		{20E2CF2B-69CF-46DD-8BF4-3E94BD17F505}.Debug|x64.ActiveCfg = Debug|Any CPU
		{20E2CF2B-69CF-46DD-8BF4-3E94BD17F505}.Debug|x64.Build.0 = Debug|Any CPU
		{20E2CF2B-69CF-46DD-8BF4-3E94BD17F505}.Debug|x86.ActiveCfg = Debug|Any CPU
		{20E2CF2B-69CF-46DD-8BF4-3E94BD17F505}.Debug|x86.Build.0 = Debug|Any CPU
		{20E2CF2B-69CF-46DD-8BF4-3E94BD17F505}.Release|Any CPU.ActiveCfg = Release|Any CPU
		{20E2CF2B-69CF-46DD-8BF4-3E94BD17F505}.Release|Any CPU.Build.0 = Release|Any CPU
		{20E2CF2B-69CF-46DD-8BF4-3E94BD17F505}.Release|x64.ActiveCfg = Release|Any CPU
		{20E2CF2B-69CF-46DD-8BF4-3E94BD17F505}.Release|x64.Build.0 = Release|Any CPU
		{20E2CF2B-69CF-46DD-8BF4-3E94BD17F505}.Release|x86.ActiveCfg = Release|Any CPU
		{20E2CF2B-69CF-46DD-8BF4-3E94BD17F505}.Release|x86.Build.0 = Release|Any CPU
		{A960A37B-FFE8-47C0-8D78-E95C49CEAFEA}.Debug|Any CPU.ActiveCfg = Debug|Any CPU
		{A960A37B-FFE8-47C0-8D78-E95C49CEAFEA}.Debug|Any CPU.Build.0 = Debug|Any CPU
		{A960A37B-FFE8-47C0-8D78-E95C49CEAFEA}.Debug|x64.ActiveCfg = Debug|Any CPU
		{A960A37B-FFE8-47C0-8D78-E95C49CEAFEA}.Debug|x64.Build.0 = Debug|Any CPU
		{A960A37B-FFE8-47C0-8D78-E95C49CEAFEA}.Debug|x86.ActiveCfg = Debug|Any CPU
		{A960A37B-FFE8-47C0-8D78-E95C49CEAFEA}.Debug|x86.Build.0 = Debug|Any CPU
		{A960A37B-FFE8-47C0-8D78-E95C49CEAFEA}.Release|Any CPU.ActiveCfg = Release|Any CPU
		{A960A37B-FFE8-47C0-8D78-E95C49CEAFEA}.Release|Any CPU.Build.0 = Release|Any CPU
		{A960A37B-FFE8-47C0-8D78-E95C49CEAFEA}.Release|x64.ActiveCfg = Release|Any CPU
		{A960A37B-FFE8-47C0-8D78-E95C49CEAFEA}.Release|x64.Build.0 = Release|Any CPU
		{A960A37B-FFE8-47C0-8D78-E95C49CEAFEA}.Release|x86.ActiveCfg = Release|Any CPU
		{A960A37B-FFE8-47C0-8D78-E95C49CEAFEA}.Release|x86.Build.0 = Release|Any CPU
		{BB2C846B-1CC0-4243-B6A1-362F7E551A3A}.Debug|Any CPU.ActiveCfg = Debug|Any CPU
		{BB2C846B-1CC0-4243-B6A1-362F7E551A3A}.Debug|Any CPU.Build.0 = Debug|Any CPU
		{BB2C846B-1CC0-4243-B6A1-362F7E551A3A}.Debug|x64.ActiveCfg = Debug|Any CPU
		{BB2C846B-1CC0-4243-B6A1-362F7E551A3A}.Debug|x64.Build.0 = Debug|Any CPU
		{BB2C846B-1CC0-4243-B6A1-362F7E551A3A}.Debug|x86.ActiveCfg = Debug|Any CPU
		{BB2C846B-1CC0-4243-B6A1-362F7E551A3A}.Debug|x86.Build.0 = Debug|Any CPU
		{BB2C846B-1CC0-4243-B6A1-362F7E551A3A}.Release|Any CPU.ActiveCfg = Release|Any CPU
		{BB2C846B-1CC0-4243-B6A1-362F7E551A3A}.Release|Any CPU.Build.0 = Release|Any CPU
		{BB2C846B-1CC0-4243-B6A1-362F7E551A3A}.Release|x64.ActiveCfg = Release|Any CPU
		{BB2C846B-1CC0-4243-B6A1-362F7E551A3A}.Release|x64.Build.0 = Release|Any CPU
		{BB2C846B-1CC0-4243-B6A1-362F7E551A3A}.Release|x86.ActiveCfg = Release|Any CPU
		{BB2C846B-1CC0-4243-B6A1-362F7E551A3A}.Release|x86.Build.0 = Release|Any CPU
		{4C54568A-CD36-4964-9304-0639D427B9CD}.Debug|Any CPU.ActiveCfg = Debug|Any CPU
		{4C54568A-CD36-4964-9304-0639D427B9CD}.Debug|Any CPU.Build.0 = Debug|Any CPU
		{4C54568A-CD36-4964-9304-0639D427B9CD}.Debug|x64.ActiveCfg = Debug|Any CPU
		{4C54568A-CD36-4964-9304-0639D427B9CD}.Debug|x64.Build.0 = Debug|Any CPU
		{4C54568A-CD36-4964-9304-0639D427B9CD}.Debug|x86.ActiveCfg = Debug|Any CPU
		{4C54568A-CD36-4964-9304-0639D427B9CD}.Debug|x86.Build.0 = Debug|Any CPU
		{4C54568A-CD36-4964-9304-0639D427B9CD}.Release|Any CPU.ActiveCfg = Release|Any CPU
		{4C54568A-CD36-4964-9304-0639D427B9CD}.Release|Any CPU.Build.0 = Release|Any CPU
		{4C54568A-CD36-4964-9304-0639D427B9CD}.Release|x64.ActiveCfg = Release|Any CPU
		{4C54568A-CD36-4964-9304-0639D427B9CD}.Release|x64.Build.0 = Release|Any CPU
		{4C54568A-CD36-4964-9304-0639D427B9CD}.Release|x86.ActiveCfg = Release|Any CPU
		{4C54568A-CD36-4964-9304-0639D427B9CD}.Release|x86.Build.0 = Release|Any CPU
		{BFB3D480-DC1E-4EDE-BAA9-B89EDBE5E802}.Debug|Any CPU.ActiveCfg = Debug|Any CPU
		{BFB3D480-DC1E-4EDE-BAA9-B89EDBE5E802}.Debug|Any CPU.Build.0 = Debug|Any CPU
		{BFB3D480-DC1E-4EDE-BAA9-B89EDBE5E802}.Debug|x64.ActiveCfg = Debug|Any CPU
		{BFB3D480-DC1E-4EDE-BAA9-B89EDBE5E802}.Debug|x64.Build.0 = Debug|Any CPU
		{BFB3D480-DC1E-4EDE-BAA9-B89EDBE5E802}.Debug|x86.ActiveCfg = Debug|Any CPU
		{BFB3D480-DC1E-4EDE-BAA9-B89EDBE5E802}.Debug|x86.Build.0 = Debug|Any CPU
		{BFB3D480-DC1E-4EDE-BAA9-B89EDBE5E802}.Release|Any CPU.ActiveCfg = Release|Any CPU
		{BFB3D480-DC1E-4EDE-BAA9-B89EDBE5E802}.Release|Any CPU.Build.0 = Release|Any CPU
		{BFB3D480-DC1E-4EDE-BAA9-B89EDBE5E802}.Release|x64.ActiveCfg = Release|Any CPU
		{BFB3D480-DC1E-4EDE-BAA9-B89EDBE5E802}.Release|x64.Build.0 = Release|Any CPU
		{BFB3D480-DC1E-4EDE-BAA9-B89EDBE5E802}.Release|x86.ActiveCfg = Release|Any CPU
		{BFB3D480-DC1E-4EDE-BAA9-B89EDBE5E802}.Release|x86.Build.0 = Release|Any CPU
		{4558FA52-2630-4880-9275-1B12A0C6EC7F}.Debug|Any CPU.ActiveCfg = Debug|Any CPU
		{4558FA52-2630-4880-9275-1B12A0C6EC7F}.Debug|Any CPU.Build.0 = Debug|Any CPU
		{4558FA52-2630-4880-9275-1B12A0C6EC7F}.Debug|x64.ActiveCfg = Debug|Any CPU
		{4558FA52-2630-4880-9275-1B12A0C6EC7F}.Debug|x64.Build.0 = Debug|Any CPU
		{4558FA52-2630-4880-9275-1B12A0C6EC7F}.Debug|x86.ActiveCfg = Debug|Any CPU
		{4558FA52-2630-4880-9275-1B12A0C6EC7F}.Debug|x86.Build.0 = Debug|Any CPU
		{4558FA52-2630-4880-9275-1B12A0C6EC7F}.Release|Any CPU.ActiveCfg = Release|Any CPU
		{4558FA52-2630-4880-9275-1B12A0C6EC7F}.Release|Any CPU.Build.0 = Release|Any CPU
		{4558FA52-2630-4880-9275-1B12A0C6EC7F}.Release|x64.ActiveCfg = Release|Any CPU
		{4558FA52-2630-4880-9275-1B12A0C6EC7F}.Release|x64.Build.0 = Release|Any CPU
		{4558FA52-2630-4880-9275-1B12A0C6EC7F}.Release|x86.ActiveCfg = Release|Any CPU
		{4558FA52-2630-4880-9275-1B12A0C6EC7F}.Release|x86.Build.0 = Release|Any CPU
		{2F7C9BAC-28E0-4643-9DC0-409C984408D1}.Debug|Any CPU.ActiveCfg = Debug|Any CPU
		{2F7C9BAC-28E0-4643-9DC0-409C984408D1}.Debug|Any CPU.Build.0 = Debug|Any CPU
		{2F7C9BAC-28E0-4643-9DC0-409C984408D1}.Debug|x64.ActiveCfg = Debug|Any CPU
		{2F7C9BAC-28E0-4643-9DC0-409C984408D1}.Debug|x64.Build.0 = Debug|Any CPU
		{2F7C9BAC-28E0-4643-9DC0-409C984408D1}.Debug|x86.ActiveCfg = Debug|Any CPU
		{2F7C9BAC-28E0-4643-9DC0-409C984408D1}.Debug|x86.Build.0 = Debug|Any CPU
		{2F7C9BAC-28E0-4643-9DC0-409C984408D1}.Release|Any CPU.ActiveCfg = Release|Any CPU
		{2F7C9BAC-28E0-4643-9DC0-409C984408D1}.Release|Any CPU.Build.0 = Release|Any CPU
		{2F7C9BAC-28E0-4643-9DC0-409C984408D1}.Release|x64.ActiveCfg = Release|Any CPU
		{2F7C9BAC-28E0-4643-9DC0-409C984408D1}.Release|x64.Build.0 = Release|Any CPU
		{2F7C9BAC-28E0-4643-9DC0-409C984408D1}.Release|x86.ActiveCfg = Release|Any CPU
		{2F7C9BAC-28E0-4643-9DC0-409C984408D1}.Release|x86.Build.0 = Release|Any CPU
		{B9341DEA-5BB8-42C1-82A9-5C3523E69F5F}.Debug|Any CPU.ActiveCfg = Debug|Any CPU
		{B9341DEA-5BB8-42C1-82A9-5C3523E69F5F}.Debug|Any CPU.Build.0 = Debug|Any CPU
		{B9341DEA-5BB8-42C1-82A9-5C3523E69F5F}.Debug|x64.ActiveCfg = Debug|Any CPU
		{B9341DEA-5BB8-42C1-82A9-5C3523E69F5F}.Debug|x64.Build.0 = Debug|Any CPU
		{B9341DEA-5BB8-42C1-82A9-5C3523E69F5F}.Debug|x86.ActiveCfg = Debug|Any CPU
		{B9341DEA-5BB8-42C1-82A9-5C3523E69F5F}.Debug|x86.Build.0 = Debug|Any CPU
		{B9341DEA-5BB8-42C1-82A9-5C3523E69F5F}.Release|Any CPU.ActiveCfg = Release|Any CPU
		{B9341DEA-5BB8-42C1-82A9-5C3523E69F5F}.Release|Any CPU.Build.0 = Release|Any CPU
		{B9341DEA-5BB8-42C1-82A9-5C3523E69F5F}.Release|x64.ActiveCfg = Release|Any CPU
		{B9341DEA-5BB8-42C1-82A9-5C3523E69F5F}.Release|x64.Build.0 = Release|Any CPU
		{B9341DEA-5BB8-42C1-82A9-5C3523E69F5F}.Release|x86.ActiveCfg = Release|Any CPU
		{B9341DEA-5BB8-42C1-82A9-5C3523E69F5F}.Release|x86.Build.0 = Release|Any CPU
		{EC71501D-16ED-4511-9E02-89DC55D765D1}.Debug|Any CPU.ActiveCfg = Debug|Any CPU
		{EC71501D-16ED-4511-9E02-89DC55D765D1}.Debug|Any CPU.Build.0 = Debug|Any CPU
		{EC71501D-16ED-4511-9E02-89DC55D765D1}.Debug|x64.ActiveCfg = Debug|Any CPU
		{EC71501D-16ED-4511-9E02-89DC55D765D1}.Debug|x64.Build.0 = Debug|Any CPU
		{EC71501D-16ED-4511-9E02-89DC55D765D1}.Debug|x86.ActiveCfg = Debug|Any CPU
		{EC71501D-16ED-4511-9E02-89DC55D765D1}.Debug|x86.Build.0 = Debug|Any CPU
		{EC71501D-16ED-4511-9E02-89DC55D765D1}.Release|Any CPU.ActiveCfg = Release|Any CPU
		{EC71501D-16ED-4511-9E02-89DC55D765D1}.Release|Any CPU.Build.0 = Release|Any CPU
		{EC71501D-16ED-4511-9E02-89DC55D765D1}.Release|x64.ActiveCfg = Release|Any CPU
		{EC71501D-16ED-4511-9E02-89DC55D765D1}.Release|x64.Build.0 = Release|Any CPU
		{EC71501D-16ED-4511-9E02-89DC55D765D1}.Release|x86.ActiveCfg = Release|Any CPU
		{EC71501D-16ED-4511-9E02-89DC55D765D1}.Release|x86.Build.0 = Release|Any CPU
		{7150BCD7-16EA-4FBE-B3BE-50C5F215BE92}.Debug|Any CPU.ActiveCfg = Debug|Any CPU
		{7150BCD7-16EA-4FBE-B3BE-50C5F215BE92}.Debug|Any CPU.Build.0 = Debug|Any CPU
		{7150BCD7-16EA-4FBE-B3BE-50C5F215BE92}.Debug|x64.ActiveCfg = Debug|Any CPU
		{7150BCD7-16EA-4FBE-B3BE-50C5F215BE92}.Debug|x64.Build.0 = Debug|Any CPU
		{7150BCD7-16EA-4FBE-B3BE-50C5F215BE92}.Debug|x86.ActiveCfg = Debug|Any CPU
		{7150BCD7-16EA-4FBE-B3BE-50C5F215BE92}.Debug|x86.Build.0 = Debug|Any CPU
		{7150BCD7-16EA-4FBE-B3BE-50C5F215BE92}.Release|Any CPU.ActiveCfg = Release|Any CPU
		{7150BCD7-16EA-4FBE-B3BE-50C5F215BE92}.Release|Any CPU.Build.0 = Release|Any CPU
		{7150BCD7-16EA-4FBE-B3BE-50C5F215BE92}.Release|x64.ActiveCfg = Release|Any CPU
		{7150BCD7-16EA-4FBE-B3BE-50C5F215BE92}.Release|x64.Build.0 = Release|Any CPU
		{7150BCD7-16EA-4FBE-B3BE-50C5F215BE92}.Release|x86.ActiveCfg = Release|Any CPU
		{7150BCD7-16EA-4FBE-B3BE-50C5F215BE92}.Release|x86.Build.0 = Release|Any CPU
		{AAF46B6B-D8A3-4D3D-9B97-B40394F53C30}.Debug|Any CPU.ActiveCfg = Debug|Any CPU
		{AAF46B6B-D8A3-4D3D-9B97-B40394F53C30}.Debug|Any CPU.Build.0 = Debug|Any CPU
		{AAF46B6B-D8A3-4D3D-9B97-B40394F53C30}.Debug|x64.ActiveCfg = Debug|Any CPU
		{AAF46B6B-D8A3-4D3D-9B97-B40394F53C30}.Debug|x64.Build.0 = Debug|Any CPU
		{AAF46B6B-D8A3-4D3D-9B97-B40394F53C30}.Debug|x86.ActiveCfg = Debug|Any CPU
		{AAF46B6B-D8A3-4D3D-9B97-B40394F53C30}.Debug|x86.Build.0 = Debug|Any CPU
		{AAF46B6B-D8A3-4D3D-9B97-B40394F53C30}.Release|Any CPU.ActiveCfg = Release|Any CPU
		{AAF46B6B-D8A3-4D3D-9B97-B40394F53C30}.Release|Any CPU.Build.0 = Release|Any CPU
		{AAF46B6B-D8A3-4D3D-9B97-B40394F53C30}.Release|x64.ActiveCfg = Release|Any CPU
		{AAF46B6B-D8A3-4D3D-9B97-B40394F53C30}.Release|x64.Build.0 = Release|Any CPU
		{AAF46B6B-D8A3-4D3D-9B97-B40394F53C30}.Release|x86.ActiveCfg = Release|Any CPU
		{AAF46B6B-D8A3-4D3D-9B97-B40394F53C30}.Release|x86.Build.0 = Release|Any CPU
		{7FB85538-9644-4352-B77A-E538BC79A1C0}.Debug|Any CPU.ActiveCfg = Debug|Any CPU
		{7FB85538-9644-4352-B77A-E538BC79A1C0}.Debug|Any CPU.Build.0 = Debug|Any CPU
		{7FB85538-9644-4352-B77A-E538BC79A1C0}.Debug|x64.ActiveCfg = Debug|Any CPU
		{7FB85538-9644-4352-B77A-E538BC79A1C0}.Debug|x64.Build.0 = Debug|Any CPU
		{7FB85538-9644-4352-B77A-E538BC79A1C0}.Debug|x86.ActiveCfg = Debug|Any CPU
		{7FB85538-9644-4352-B77A-E538BC79A1C0}.Debug|x86.Build.0 = Debug|Any CPU
		{7FB85538-9644-4352-B77A-E538BC79A1C0}.Release|Any CPU.ActiveCfg = Release|Any CPU
		{7FB85538-9644-4352-B77A-E538BC79A1C0}.Release|Any CPU.Build.0 = Release|Any CPU
		{7FB85538-9644-4352-B77A-E538BC79A1C0}.Release|x64.ActiveCfg = Release|Any CPU
		{7FB85538-9644-4352-B77A-E538BC79A1C0}.Release|x64.Build.0 = Release|Any CPU
		{7FB85538-9644-4352-B77A-E538BC79A1C0}.Release|x86.ActiveCfg = Release|Any CPU
		{7FB85538-9644-4352-B77A-E538BC79A1C0}.Release|x86.Build.0 = Release|Any CPU
		{6F27906D-9853-414D-86CE-2DE8ADEBD488}.Debug|Any CPU.ActiveCfg = Debug|Any CPU
		{6F27906D-9853-414D-86CE-2DE8ADEBD488}.Debug|Any CPU.Build.0 = Debug|Any CPU
		{6F27906D-9853-414D-86CE-2DE8ADEBD488}.Debug|x64.ActiveCfg = Debug|Any CPU
		{6F27906D-9853-414D-86CE-2DE8ADEBD488}.Debug|x64.Build.0 = Debug|Any CPU
		{6F27906D-9853-414D-86CE-2DE8ADEBD488}.Debug|x86.ActiveCfg = Debug|Any CPU
		{6F27906D-9853-414D-86CE-2DE8ADEBD488}.Debug|x86.Build.0 = Debug|Any CPU
		{6F27906D-9853-414D-86CE-2DE8ADEBD488}.Release|Any CPU.ActiveCfg = Release|Any CPU
		{6F27906D-9853-414D-86CE-2DE8ADEBD488}.Release|Any CPU.Build.0 = Release|Any CPU
		{6F27906D-9853-414D-86CE-2DE8ADEBD488}.Release|x64.ActiveCfg = Release|Any CPU
		{6F27906D-9853-414D-86CE-2DE8ADEBD488}.Release|x64.Build.0 = Release|Any CPU
		{6F27906D-9853-414D-86CE-2DE8ADEBD488}.Release|x86.ActiveCfg = Release|Any CPU
		{6F27906D-9853-414D-86CE-2DE8ADEBD488}.Release|x86.Build.0 = Release|Any CPU
		{DBB7FDC0-B064-4FC6-9462-17DAEC982DDD}.Debug|Any CPU.ActiveCfg = Debug|Any CPU
		{DBB7FDC0-B064-4FC6-9462-17DAEC982DDD}.Debug|Any CPU.Build.0 = Debug|Any CPU
		{DBB7FDC0-B064-4FC6-9462-17DAEC982DDD}.Debug|x64.ActiveCfg = Debug|Any CPU
		{DBB7FDC0-B064-4FC6-9462-17DAEC982DDD}.Debug|x64.Build.0 = Debug|Any CPU
		{DBB7FDC0-B064-4FC6-9462-17DAEC982DDD}.Debug|x86.ActiveCfg = Debug|Any CPU
		{DBB7FDC0-B064-4FC6-9462-17DAEC982DDD}.Debug|x86.Build.0 = Debug|Any CPU
		{DBB7FDC0-B064-4FC6-9462-17DAEC982DDD}.Release|Any CPU.ActiveCfg = Release|Any CPU
		{DBB7FDC0-B064-4FC6-9462-17DAEC982DDD}.Release|Any CPU.Build.0 = Release|Any CPU
		{DBB7FDC0-B064-4FC6-9462-17DAEC982DDD}.Release|x64.ActiveCfg = Release|Any CPU
		{DBB7FDC0-B064-4FC6-9462-17DAEC982DDD}.Release|x64.Build.0 = Release|Any CPU
		{DBB7FDC0-B064-4FC6-9462-17DAEC982DDD}.Release|x86.ActiveCfg = Release|Any CPU
		{DBB7FDC0-B064-4FC6-9462-17DAEC982DDD}.Release|x86.Build.0 = Release|Any CPU
		{9A19ECED-DB4A-4C5A-8D92-A5EE15C42794}.Debug|Any CPU.ActiveCfg = Debug|Any CPU
		{9A19ECED-DB4A-4C5A-8D92-A5EE15C42794}.Debug|Any CPU.Build.0 = Debug|Any CPU
		{9A19ECED-DB4A-4C5A-8D92-A5EE15C42794}.Debug|x64.ActiveCfg = Debug|Any CPU
		{9A19ECED-DB4A-4C5A-8D92-A5EE15C42794}.Debug|x64.Build.0 = Debug|Any CPU
		{9A19ECED-DB4A-4C5A-8D92-A5EE15C42794}.Debug|x86.ActiveCfg = Debug|Any CPU
		{9A19ECED-DB4A-4C5A-8D92-A5EE15C42794}.Debug|x86.Build.0 = Debug|Any CPU
		{9A19ECED-DB4A-4C5A-8D92-A5EE15C42794}.Release|Any CPU.ActiveCfg = Release|Any CPU
		{9A19ECED-DB4A-4C5A-8D92-A5EE15C42794}.Release|Any CPU.Build.0 = Release|Any CPU
		{9A19ECED-DB4A-4C5A-8D92-A5EE15C42794}.Release|x64.ActiveCfg = Release|Any CPU
		{9A19ECED-DB4A-4C5A-8D92-A5EE15C42794}.Release|x64.Build.0 = Release|Any CPU
		{9A19ECED-DB4A-4C5A-8D92-A5EE15C42794}.Release|x86.ActiveCfg = Release|Any CPU
		{9A19ECED-DB4A-4C5A-8D92-A5EE15C42794}.Release|x86.Build.0 = Release|Any CPU
		{CDC25F42-9081-4EE4-B935-4B79C4BD2591}.Debug|Any CPU.ActiveCfg = Debug|Any CPU
		{CDC25F42-9081-4EE4-B935-4B79C4BD2591}.Debug|Any CPU.Build.0 = Debug|Any CPU
		{CDC25F42-9081-4EE4-B935-4B79C4BD2591}.Debug|x64.ActiveCfg = Debug|Any CPU
		{CDC25F42-9081-4EE4-B935-4B79C4BD2591}.Debug|x64.Build.0 = Debug|Any CPU
		{CDC25F42-9081-4EE4-B935-4B79C4BD2591}.Debug|x86.ActiveCfg = Debug|Any CPU
		{CDC25F42-9081-4EE4-B935-4B79C4BD2591}.Debug|x86.Build.0 = Debug|Any CPU
		{CDC25F42-9081-4EE4-B935-4B79C4BD2591}.Release|Any CPU.ActiveCfg = Release|Any CPU
		{CDC25F42-9081-4EE4-B935-4B79C4BD2591}.Release|Any CPU.Build.0 = Release|Any CPU
		{CDC25F42-9081-4EE4-B935-4B79C4BD2591}.Release|x64.ActiveCfg = Release|Any CPU
		{CDC25F42-9081-4EE4-B935-4B79C4BD2591}.Release|x64.Build.0 = Release|Any CPU
		{CDC25F42-9081-4EE4-B935-4B79C4BD2591}.Release|x86.ActiveCfg = Release|Any CPU
		{CDC25F42-9081-4EE4-B935-4B79C4BD2591}.Release|x86.Build.0 = Release|Any CPU
		{8E35187F-A78F-4110-9727-8C00E8694E32}.Debug|Any CPU.ActiveCfg = Debug|Any CPU
		{8E35187F-A78F-4110-9727-8C00E8694E32}.Debug|Any CPU.Build.0 = Debug|Any CPU
		{8E35187F-A78F-4110-9727-8C00E8694E32}.Debug|x64.ActiveCfg = Debug|Any CPU
		{8E35187F-A78F-4110-9727-8C00E8694E32}.Debug|x64.Build.0 = Debug|Any CPU
		{8E35187F-A78F-4110-9727-8C00E8694E32}.Debug|x86.ActiveCfg = Debug|Any CPU
		{8E35187F-A78F-4110-9727-8C00E8694E32}.Debug|x86.Build.0 = Debug|Any CPU
		{8E35187F-A78F-4110-9727-8C00E8694E32}.Release|Any CPU.ActiveCfg = Release|Any CPU
		{8E35187F-A78F-4110-9727-8C00E8694E32}.Release|Any CPU.Build.0 = Release|Any CPU
		{8E35187F-A78F-4110-9727-8C00E8694E32}.Release|x64.ActiveCfg = Release|Any CPU
		{8E35187F-A78F-4110-9727-8C00E8694E32}.Release|x64.Build.0 = Release|Any CPU
		{8E35187F-A78F-4110-9727-8C00E8694E32}.Release|x86.ActiveCfg = Release|Any CPU
		{8E35187F-A78F-4110-9727-8C00E8694E32}.Release|x86.Build.0 = Release|Any CPU
		{08CDE9FD-302C-434B-AD50-7FDA34D81776}.Debug|Any CPU.ActiveCfg = Debug|Any CPU
		{08CDE9FD-302C-434B-AD50-7FDA34D81776}.Debug|Any CPU.Build.0 = Debug|Any CPU
		{08CDE9FD-302C-434B-AD50-7FDA34D81776}.Debug|x64.ActiveCfg = Debug|Any CPU
		{08CDE9FD-302C-434B-AD50-7FDA34D81776}.Debug|x64.Build.0 = Debug|Any CPU
		{08CDE9FD-302C-434B-AD50-7FDA34D81776}.Debug|x86.ActiveCfg = Debug|Any CPU
		{08CDE9FD-302C-434B-AD50-7FDA34D81776}.Debug|x86.Build.0 = Debug|Any CPU
		{08CDE9FD-302C-434B-AD50-7FDA34D81776}.Release|Any CPU.ActiveCfg = Release|Any CPU
		{08CDE9FD-302C-434B-AD50-7FDA34D81776}.Release|Any CPU.Build.0 = Release|Any CPU
		{08CDE9FD-302C-434B-AD50-7FDA34D81776}.Release|x64.ActiveCfg = Release|Any CPU
		{08CDE9FD-302C-434B-AD50-7FDA34D81776}.Release|x64.Build.0 = Release|Any CPU
		{08CDE9FD-302C-434B-AD50-7FDA34D81776}.Release|x86.ActiveCfg = Release|Any CPU
		{08CDE9FD-302C-434B-AD50-7FDA34D81776}.Release|x86.Build.0 = Release|Any CPU
		{B1D75BD0-FC08-4C08-A3C5-08346A52DB30}.Debug|Any CPU.ActiveCfg = Debug|Any CPU
		{B1D75BD0-FC08-4C08-A3C5-08346A52DB30}.Debug|Any CPU.Build.0 = Debug|Any CPU
		{B1D75BD0-FC08-4C08-A3C5-08346A52DB30}.Debug|x64.ActiveCfg = Debug|Any CPU
		{B1D75BD0-FC08-4C08-A3C5-08346A52DB30}.Debug|x64.Build.0 = Debug|Any CPU
		{B1D75BD0-FC08-4C08-A3C5-08346A52DB30}.Debug|x86.ActiveCfg = Debug|Any CPU
		{B1D75BD0-FC08-4C08-A3C5-08346A52DB30}.Debug|x86.Build.0 = Debug|Any CPU
		{B1D75BD0-FC08-4C08-A3C5-08346A52DB30}.Release|Any CPU.ActiveCfg = Release|Any CPU
		{B1D75BD0-FC08-4C08-A3C5-08346A52DB30}.Release|Any CPU.Build.0 = Release|Any CPU
		{B1D75BD0-FC08-4C08-A3C5-08346A52DB30}.Release|x64.ActiveCfg = Release|Any CPU
		{B1D75BD0-FC08-4C08-A3C5-08346A52DB30}.Release|x64.Build.0 = Release|Any CPU
		{B1D75BD0-FC08-4C08-A3C5-08346A52DB30}.Release|x86.ActiveCfg = Release|Any CPU
		{B1D75BD0-FC08-4C08-A3C5-08346A52DB30}.Release|x86.Build.0 = Release|Any CPU
		{EF674CAC-9AE9-4D72-A888-62C0C2A38E35}.Debug|Any CPU.ActiveCfg = Debug|Any CPU
		{EF674CAC-9AE9-4D72-A888-62C0C2A38E35}.Debug|Any CPU.Build.0 = Debug|Any CPU
		{EF674CAC-9AE9-4D72-A888-62C0C2A38E35}.Debug|x64.ActiveCfg = Debug|Any CPU
		{EF674CAC-9AE9-4D72-A888-62C0C2A38E35}.Debug|x64.Build.0 = Debug|Any CPU
		{EF674CAC-9AE9-4D72-A888-62C0C2A38E35}.Debug|x86.ActiveCfg = Debug|Any CPU
		{EF674CAC-9AE9-4D72-A888-62C0C2A38E35}.Debug|x86.Build.0 = Debug|Any CPU
		{EF674CAC-9AE9-4D72-A888-62C0C2A38E35}.Release|Any CPU.ActiveCfg = Release|Any CPU
		{EF674CAC-9AE9-4D72-A888-62C0C2A38E35}.Release|Any CPU.Build.0 = Release|Any CPU
		{EF674CAC-9AE9-4D72-A888-62C0C2A38E35}.Release|x64.ActiveCfg = Release|Any CPU
		{EF674CAC-9AE9-4D72-A888-62C0C2A38E35}.Release|x64.Build.0 = Release|Any CPU
		{EF674CAC-9AE9-4D72-A888-62C0C2A38E35}.Release|x86.ActiveCfg = Release|Any CPU
		{EF674CAC-9AE9-4D72-A888-62C0C2A38E35}.Release|x86.Build.0 = Release|Any CPU
		{B887BBA0-4264-4405-8DC6-25325D81A2F2}.Debug|Any CPU.ActiveCfg = Debug|Any CPU
		{B887BBA0-4264-4405-8DC6-25325D81A2F2}.Debug|Any CPU.Build.0 = Debug|Any CPU
		{B887BBA0-4264-4405-8DC6-25325D81A2F2}.Debug|x64.ActiveCfg = Debug|Any CPU
		{B887BBA0-4264-4405-8DC6-25325D81A2F2}.Debug|x64.Build.0 = Debug|Any CPU
		{B887BBA0-4264-4405-8DC6-25325D81A2F2}.Debug|x86.ActiveCfg = Debug|Any CPU
		{B887BBA0-4264-4405-8DC6-25325D81A2F2}.Debug|x86.Build.0 = Debug|Any CPU
		{B887BBA0-4264-4405-8DC6-25325D81A2F2}.Release|Any CPU.ActiveCfg = Release|Any CPU
		{B887BBA0-4264-4405-8DC6-25325D81A2F2}.Release|Any CPU.Build.0 = Release|Any CPU
		{B887BBA0-4264-4405-8DC6-25325D81A2F2}.Release|x64.ActiveCfg = Release|Any CPU
		{B887BBA0-4264-4405-8DC6-25325D81A2F2}.Release|x64.Build.0 = Release|Any CPU
		{B887BBA0-4264-4405-8DC6-25325D81A2F2}.Release|x86.ActiveCfg = Release|Any CPU
		{B887BBA0-4264-4405-8DC6-25325D81A2F2}.Release|x86.Build.0 = Release|Any CPU
		{134AE89F-5A0A-4F99-B6C7-3B5959D12761}.Debug|Any CPU.ActiveCfg = Debug|Any CPU
		{134AE89F-5A0A-4F99-B6C7-3B5959D12761}.Debug|Any CPU.Build.0 = Debug|Any CPU
		{134AE89F-5A0A-4F99-B6C7-3B5959D12761}.Debug|x64.ActiveCfg = Debug|Any CPU
		{134AE89F-5A0A-4F99-B6C7-3B5959D12761}.Debug|x64.Build.0 = Debug|Any CPU
		{134AE89F-5A0A-4F99-B6C7-3B5959D12761}.Debug|x86.ActiveCfg = Debug|Any CPU
		{134AE89F-5A0A-4F99-B6C7-3B5959D12761}.Debug|x86.Build.0 = Debug|Any CPU
		{134AE89F-5A0A-4F99-B6C7-3B5959D12761}.Release|Any CPU.ActiveCfg = Release|Any CPU
		{134AE89F-5A0A-4F99-B6C7-3B5959D12761}.Release|Any CPU.Build.0 = Release|Any CPU
		{134AE89F-5A0A-4F99-B6C7-3B5959D12761}.Release|x64.ActiveCfg = Release|Any CPU
		{134AE89F-5A0A-4F99-B6C7-3B5959D12761}.Release|x64.Build.0 = Release|Any CPU
		{134AE89F-5A0A-4F99-B6C7-3B5959D12761}.Release|x86.ActiveCfg = Release|Any CPU
		{134AE89F-5A0A-4F99-B6C7-3B5959D12761}.Release|x86.Build.0 = Release|Any CPU
		{BC351FFC-D1B5-40EF-91C7-12A806895C09}.Debug|Any CPU.ActiveCfg = Debug|Any CPU
		{BC351FFC-D1B5-40EF-91C7-12A806895C09}.Debug|Any CPU.Build.0 = Debug|Any CPU
		{BC351FFC-D1B5-40EF-91C7-12A806895C09}.Debug|x64.ActiveCfg = Debug|Any CPU
		{BC351FFC-D1B5-40EF-91C7-12A806895C09}.Debug|x64.Build.0 = Debug|Any CPU
		{BC351FFC-D1B5-40EF-91C7-12A806895C09}.Debug|x86.ActiveCfg = Debug|Any CPU
		{BC351FFC-D1B5-40EF-91C7-12A806895C09}.Debug|x86.Build.0 = Debug|Any CPU
		{BC351FFC-D1B5-40EF-91C7-12A806895C09}.Release|Any CPU.ActiveCfg = Release|Any CPU
		{BC351FFC-D1B5-40EF-91C7-12A806895C09}.Release|Any CPU.Build.0 = Release|Any CPU
		{BC351FFC-D1B5-40EF-91C7-12A806895C09}.Release|x64.ActiveCfg = Release|Any CPU
		{BC351FFC-D1B5-40EF-91C7-12A806895C09}.Release|x64.Build.0 = Release|Any CPU
		{BC351FFC-D1B5-40EF-91C7-12A806895C09}.Release|x86.ActiveCfg = Release|Any CPU
		{BC351FFC-D1B5-40EF-91C7-12A806895C09}.Release|x86.Build.0 = Release|Any CPU
		{48B86D08-E2D9-4081-B701-67F45F91B1C4}.Debug|Any CPU.ActiveCfg = Debug|Any CPU
		{48B86D08-E2D9-4081-B701-67F45F91B1C4}.Debug|Any CPU.Build.0 = Debug|Any CPU
		{48B86D08-E2D9-4081-B701-67F45F91B1C4}.Debug|x64.ActiveCfg = Debug|Any CPU
		{48B86D08-E2D9-4081-B701-67F45F91B1C4}.Debug|x64.Build.0 = Debug|Any CPU
		{48B86D08-E2D9-4081-B701-67F45F91B1C4}.Debug|x86.ActiveCfg = Debug|Any CPU
		{48B86D08-E2D9-4081-B701-67F45F91B1C4}.Debug|x86.Build.0 = Debug|Any CPU
		{48B86D08-E2D9-4081-B701-67F45F91B1C4}.Release|Any CPU.ActiveCfg = Release|Any CPU
		{48B86D08-E2D9-4081-B701-67F45F91B1C4}.Release|Any CPU.Build.0 = Release|Any CPU
		{48B86D08-E2D9-4081-B701-67F45F91B1C4}.Release|x64.ActiveCfg = Release|Any CPU
		{48B86D08-E2D9-4081-B701-67F45F91B1C4}.Release|x64.Build.0 = Release|Any CPU
		{48B86D08-E2D9-4081-B701-67F45F91B1C4}.Release|x86.ActiveCfg = Release|Any CPU
		{48B86D08-E2D9-4081-B701-67F45F91B1C4}.Release|x86.Build.0 = Release|Any CPU
		{E2B1D557-4425-4EE1-A0FB-B7D355D74712}.Debug|Any CPU.ActiveCfg = Debug|Any CPU
		{E2B1D557-4425-4EE1-A0FB-B7D355D74712}.Debug|Any CPU.Build.0 = Debug|Any CPU
		{E2B1D557-4425-4EE1-A0FB-B7D355D74712}.Debug|x64.ActiveCfg = Debug|Any CPU
		{E2B1D557-4425-4EE1-A0FB-B7D355D74712}.Debug|x64.Build.0 = Debug|Any CPU
		{E2B1D557-4425-4EE1-A0FB-B7D355D74712}.Debug|x86.ActiveCfg = Debug|Any CPU
		{E2B1D557-4425-4EE1-A0FB-B7D355D74712}.Debug|x86.Build.0 = Debug|Any CPU
		{E2B1D557-4425-4EE1-A0FB-B7D355D74712}.Release|Any CPU.ActiveCfg = Release|Any CPU
		{E2B1D557-4425-4EE1-A0FB-B7D355D74712}.Release|Any CPU.Build.0 = Release|Any CPU
		{E2B1D557-4425-4EE1-A0FB-B7D355D74712}.Release|x64.ActiveCfg = Release|Any CPU
		{E2B1D557-4425-4EE1-A0FB-B7D355D74712}.Release|x64.Build.0 = Release|Any CPU
		{E2B1D557-4425-4EE1-A0FB-B7D355D74712}.Release|x86.ActiveCfg = Release|Any CPU
		{E2B1D557-4425-4EE1-A0FB-B7D355D74712}.Release|x86.Build.0 = Release|Any CPU
		{166A1B09-4AC4-454F-812C-E7B6EAE7CA0C}.Debug|Any CPU.ActiveCfg = Debug|Any CPU
		{166A1B09-4AC4-454F-812C-E7B6EAE7CA0C}.Debug|Any CPU.Build.0 = Debug|Any CPU
		{166A1B09-4AC4-454F-812C-E7B6EAE7CA0C}.Debug|x64.ActiveCfg = Debug|Any CPU
		{166A1B09-4AC4-454F-812C-E7B6EAE7CA0C}.Debug|x64.Build.0 = Debug|Any CPU
		{166A1B09-4AC4-454F-812C-E7B6EAE7CA0C}.Debug|x86.ActiveCfg = Debug|Any CPU
		{166A1B09-4AC4-454F-812C-E7B6EAE7CA0C}.Debug|x86.Build.0 = Debug|Any CPU
		{166A1B09-4AC4-454F-812C-E7B6EAE7CA0C}.Release|Any CPU.ActiveCfg = Release|Any CPU
		{166A1B09-4AC4-454F-812C-E7B6EAE7CA0C}.Release|Any CPU.Build.0 = Release|Any CPU
		{166A1B09-4AC4-454F-812C-E7B6EAE7CA0C}.Release|x64.ActiveCfg = Release|Any CPU
		{166A1B09-4AC4-454F-812C-E7B6EAE7CA0C}.Release|x64.Build.0 = Release|Any CPU
		{166A1B09-4AC4-454F-812C-E7B6EAE7CA0C}.Release|x86.ActiveCfg = Release|Any CPU
		{166A1B09-4AC4-454F-812C-E7B6EAE7CA0C}.Release|x86.Build.0 = Release|Any CPU
		{0FC9EEB1-6A11-4802-B10D-F4239CFBB586}.Debug|Any CPU.ActiveCfg = Debug|Any CPU
		{0FC9EEB1-6A11-4802-B10D-F4239CFBB586}.Debug|Any CPU.Build.0 = Debug|Any CPU
		{0FC9EEB1-6A11-4802-B10D-F4239CFBB586}.Debug|x64.ActiveCfg = Debug|x64
		{0FC9EEB1-6A11-4802-B10D-F4239CFBB586}.Debug|x64.Build.0 = Debug|x64
		{0FC9EEB1-6A11-4802-B10D-F4239CFBB586}.Debug|x86.ActiveCfg = Debug|Any CPU
		{0FC9EEB1-6A11-4802-B10D-F4239CFBB586}.Debug|x86.Build.0 = Debug|Any CPU
		{0FC9EEB1-6A11-4802-B10D-F4239CFBB586}.Release|Any CPU.ActiveCfg = Release|Any CPU
		{0FC9EEB1-6A11-4802-B10D-F4239CFBB586}.Release|Any CPU.Build.0 = Release|Any CPU
		{0FC9EEB1-6A11-4802-B10D-F4239CFBB586}.Release|x64.ActiveCfg = Release|x64
		{0FC9EEB1-6A11-4802-B10D-F4239CFBB586}.Release|x64.Build.0 = Release|x64
		{0FC9EEB1-6A11-4802-B10D-F4239CFBB586}.Release|x86.ActiveCfg = Release|Any CPU
		{0FC9EEB1-6A11-4802-B10D-F4239CFBB586}.Release|x86.Build.0 = Release|Any CPU
	EndGlobalSection
	GlobalSection(SolutionProperties) = preSolution
		HideSolutionNode = FALSE
	EndGlobalSection
	GlobalSection(NestedProjects) = preSolution
		{91C8E2E6-EB2F-4292-A0A6-42E6FF774EC3} = {B2A31558-612A-46D4-8F6F-F4EEA95613C6}
		{A1E07E20-31C9-44EE-B990-F47BC2C83E02} = {6F82740F-C26F-4077-A67D-9FB044249312}
		{B2A31558-612A-46D4-8F6F-F4EEA95613C6} = {6F82740F-C26F-4077-A67D-9FB044249312}
		{76BB6F34-2ADE-42CE-862D-36CA3DDD3740} = {A1E07E20-31C9-44EE-B990-F47BC2C83E02}
		{45EBBED8-C3BF-4650-903A-747D1D33B288} = {76BB6F34-2ADE-42CE-862D-36CA3DDD3740}
		{CE2A6FA2-C883-46A2-A36E-4B0E0431A109} = {76BB6F34-2ADE-42CE-862D-36CA3DDD3740}
		{CB49AD12-5400-436A-9D02-2278C0512F8A} = {76BB6F34-2ADE-42CE-862D-36CA3DDD3740}
		{B904D7A4-6131-493B-AB9B-5820DC3A630A} = {76BB6F34-2ADE-42CE-862D-36CA3DDD3740}
		{034932BB-C584-406D-95F4-33EED4FA790B} = {76BB6F34-2ADE-42CE-862D-36CA3DDD3740}
		{D11045A5-69E7-472E-A930-14A7EF12B607} = {6F82740F-C26F-4077-A67D-9FB044249312}
		{47250B4C-B18F-4089-8D14-8417A9494605} = {D11045A5-69E7-472E-A930-14A7EF12B607}
		{05982EF7-C02C-44A4-8B0A-6223C5AC873B} = {47250B4C-B18F-4089-8D14-8417A9494605}
		{20E2CF2B-69CF-46DD-8BF4-3E94BD17F505} = {47250B4C-B18F-4089-8D14-8417A9494605}
		{A960A37B-FFE8-47C0-8D78-E95C49CEAFEA} = {B2A31558-612A-46D4-8F6F-F4EEA95613C6}
		{BB2C846B-1CC0-4243-B6A1-362F7E551A3A} = {B2A31558-612A-46D4-8F6F-F4EEA95613C6}
		{4C54568A-CD36-4964-9304-0639D427B9CD} = {B2A31558-612A-46D4-8F6F-F4EEA95613C6}
		{BFB3D480-DC1E-4EDE-BAA9-B89EDBE5E802} = {B2A31558-612A-46D4-8F6F-F4EEA95613C6}
		{4558FA52-2630-4880-9275-1B12A0C6EC7F} = {B2A31558-612A-46D4-8F6F-F4EEA95613C6}
		{2F7C9BAC-28E0-4643-9DC0-409C984408D1} = {B2A31558-612A-46D4-8F6F-F4EEA95613C6}
		{B9341DEA-5BB8-42C1-82A9-5C3523E69F5F} = {B2A31558-612A-46D4-8F6F-F4EEA95613C6}
		{EC71501D-16ED-4511-9E02-89DC55D765D1} = {B2A31558-612A-46D4-8F6F-F4EEA95613C6}
		{7150BCD7-16EA-4FBE-B3BE-50C5F215BE92} = {B2A31558-612A-46D4-8F6F-F4EEA95613C6}
		{AAF46B6B-D8A3-4D3D-9B97-B40394F53C30} = {B2A31558-612A-46D4-8F6F-F4EEA95613C6}
		{3CA88DFA-F743-4E57-ABEB-906CD11ACEBB} = {6F82740F-C26F-4077-A67D-9FB044249312}
		{7FB85538-9644-4352-B77A-E538BC79A1C0} = {3CA88DFA-F743-4E57-ABEB-906CD11ACEBB}
		{6F27906D-9853-414D-86CE-2DE8ADEBD488} = {3CA88DFA-F743-4E57-ABEB-906CD11ACEBB}
		{DBB7FDC0-B064-4FC6-9462-17DAEC982DDD} = {3CA88DFA-F743-4E57-ABEB-906CD11ACEBB}
		{9A19ECED-DB4A-4C5A-8D92-A5EE15C42794} = {B2A31558-612A-46D4-8F6F-F4EEA95613C6}
		{CDC25F42-9081-4EE4-B935-4B79C4BD2591} = {3CA88DFA-F743-4E57-ABEB-906CD11ACEBB}
		{8E35187F-A78F-4110-9727-8C00E8694E32} = {3CA88DFA-F743-4E57-ABEB-906CD11ACEBB}
		{08CDE9FD-302C-434B-AD50-7FDA34D81776} = {3CA88DFA-F743-4E57-ABEB-906CD11ACEBB}
		{B1D75BD0-FC08-4C08-A3C5-08346A52DB30} = {3CA88DFA-F743-4E57-ABEB-906CD11ACEBB}
		{EF674CAC-9AE9-4D72-A888-62C0C2A38E35} = {B2A31558-612A-46D4-8F6F-F4EEA95613C6}
		{B887BBA0-4264-4405-8DC6-25325D81A2F2} = {B2A31558-612A-46D4-8F6F-F4EEA95613C6}
		{134AE89F-5A0A-4F99-B6C7-3B5959D12761} = {B2A31558-612A-46D4-8F6F-F4EEA95613C6}
		{BC351FFC-D1B5-40EF-91C7-12A806895C09} = {B2A31558-612A-46D4-8F6F-F4EEA95613C6}
		{E2B1D557-4425-4EE1-A0FB-B7D355D74712} = {3CA88DFA-F743-4E57-ABEB-906CD11ACEBB}
		{166A1B09-4AC4-454F-812C-E7B6EAE7CA0C} = {B2A31558-612A-46D4-8F6F-F4EEA95613C6}
		{0FC9EEB1-6A11-4802-B10D-F4239CFBB586} = {A1E07E20-31C9-44EE-B990-F47BC2C83E02}
	EndGlobalSection
	GlobalSection(ExtensibilityGlobals) = postSolution
		SolutionGuid = {AC5A271E-5383-4FBA-A1D8-611D802FCB68}
	EndGlobalSection
EndGlobal
